// !$*UTF8*$!
{
	archiveVersion = 1;
	classes = {
	};
	objectVersion = 48;
	objects = {

/* Begin PBXBuildFile section */
		C06E85691F9F117800AA1431 /* AppDelegate.swift in Sources */ = {isa = PBXBuildFile; fileRef = C06E85681F9F117800AA1431 /* AppDelegate.swift */; };
		C06E856B1F9F117800AA1431 /* WelcomeVC.swift in Sources */ = {isa = PBXBuildFile; fileRef = C06E856A1F9F117800AA1431 /* WelcomeVC.swift */; };
		C06E856E1F9F117800AA1431 /* Main.storyboard in Resources */ = {isa = PBXBuildFile; fileRef = C06E856C1F9F117800AA1431 /* Main.storyboard */; };
		C06E85701F9F117800AA1431 /* Assets.xcassets in Resources */ = {isa = PBXBuildFile; fileRef = C06E856F1F9F117800AA1431 /* Assets.xcassets */; };
		C06E85731F9F117800AA1431 /* LaunchScreen.storyboard in Resources */ = {isa = PBXBuildFile; fileRef = C06E85711F9F117800AA1431 /* LaunchScreen.storyboard */; };
		C06E857C1F9F165100AA1431 /* BorderButton.swift in Sources */ = {isa = PBXBuildFile; fileRef = C06E857B1F9F165100AA1431 /* BorderButton.swift */; };
		C078106D1FA0DFE1007488F7 /* Player.swift in Sources */ = {isa = PBXBuildFile; fileRef = C078106C1FA0DFE1007488F7 /* Player.swift */; };
		C0B4CC921FA06AE400648699 /* LeagueVC.swift in Sources */ = {isa = PBXBuildFile; fileRef = C0B4CC911FA06AE400648699 /* LeagueVC.swift */; };
		C0B4CC941FA06B0700648699 /* SkillVC.swift in Sources */ = {isa = PBXBuildFile; fileRef = C0B4CC931FA06B0700648699 /* SkillVC.swift */; };
/* End PBXBuildFile section */

/* Begin PBXFileReference section */
		C06E85651F9F117800AA1431 /* app-swoosh.app */ = {isa = PBXFileReference; explicitFileType = wrapper.application; includeInIndex = 0; path = "app-swoosh.app"; sourceTree = BUILT_PRODUCTS_DIR; };
		C06E85681F9F117800AA1431 /* AppDelegate.swift */ = {isa = PBXFileReference; lastKnownFileType = sourcecode.swift; path = AppDelegate.swift; sourceTree = "<group>"; };
		C06E856A1F9F117800AA1431 /* WelcomeVC.swift */ = {isa = PBXFileReference; lastKnownFileType = sourcecode.swift; path = WelcomeVC.swift; sourceTree = "<group>"; };
		C06E856D1F9F117800AA1431 /* Base */ = {isa = PBXFileReference; lastKnownFileType = file.storyboard; name = Base; path = Base.lproj/Main.storyboard; sourceTree = "<group>"; };
		C06E856F1F9F117800AA1431 /* Assets.xcassets */ = {isa = PBXFileReference; lastKnownFileType = folder.assetcatalog; path = Assets.xcassets; sourceTree = "<group>"; };
		C06E85721F9F117800AA1431 /* Base */ = {isa = PBXFileReference; lastKnownFileType = file.storyboard; name = Base; path = Base.lproj/LaunchScreen.storyboard; sourceTree = "<group>"; };
		C06E85741F9F117800AA1431 /* Info.plist */ = {isa = PBXFileReference; lastKnownFileType = text.plist.xml; path = Info.plist; sourceTree = "<group>"; };
		C06E857B1F9F165100AA1431 /* BorderButton.swift */ = {isa = PBXFileReference; lastKnownFileType = sourcecode.swift; path = BorderButton.swift; sourceTree = "<group>"; };
		C078106C1FA0DFE1007488F7 /* Player.swift */ = {isa = PBXFileReference; lastKnownFileType = sourcecode.swift; path = Player.swift; sourceTree = "<group>"; };
		C0B4CC911FA06AE400648699 /* LeagueVC.swift */ = {isa = PBXFileReference; lastKnownFileType = sourcecode.swift; path = LeagueVC.swift; sourceTree = "<group>"; };
		C0B4CC931FA06B0700648699 /* SkillVC.swift */ = {isa = PBXFileReference; lastKnownFileType = sourcecode.swift; path = SkillVC.swift; sourceTree = "<group>"; };
/* End PBXFileReference section */

/* Begin PBXFrameworksBuildPhase section */
		C06E85621F9F117800AA1431 /* Frameworks */ = {
			isa = PBXFrameworksBuildPhase;
			buildActionMask = 2147483647;
			files = (
			);
			runOnlyForDeploymentPostprocessing = 0;
		};
/* End PBXFrameworksBuildPhase section */

/* Begin PBXGroup section */
		C06E855C1F9F117800AA1431 = {
			isa = PBXGroup;
			children = (
				C06E85671F9F117800AA1431 /* app-swoosh */,
				C06E85661F9F117800AA1431 /* Products */,
			);
			sourceTree = "<group>";
		};
		C06E85661F9F117800AA1431 /* Products */ = {
			isa = PBXGroup;
			children = (
				C06E85651F9F117800AA1431 /* app-swoosh.app */,
			);
			name = Products;
			sourceTree = "<group>";
		};
		C06E85671F9F117800AA1431 /* app-swoosh */ = {
			isa = PBXGroup;
			children = (
				C06E857A1F9F15F700AA1431 /* View */,
				C0B4CC8F1FA0696D00648699 /* Model */,
				C0B4CC901FA0697400648699 /* Controller */,
				C06E85681F9F117800AA1431 /* AppDelegate.swift */,
				C06E856C1F9F117800AA1431 /* Main.storyboard */,
				C06E856F1F9F117800AA1431 /* Assets.xcassets */,
				C06E85711F9F117800AA1431 /* LaunchScreen.storyboard */,
				C06E85741F9F117800AA1431 /* Info.plist */,
			);
			path = "app-swoosh";
			sourceTree = "<group>";
		};
		C06E857A1F9F15F700AA1431 /* View */ = {
			isa = PBXGroup;
			children = (
				C06E857B1F9F165100AA1431 /* BorderButton.swift */,
			);
			path = View;
			sourceTree = "<group>";
		};
		C0B4CC8F1FA0696D00648699 /* Model */ = {
			isa = PBXGroup;
			children = (
				C078106C1FA0DFE1007488F7 /* Player.swift */,
			);
			path = Model;
			sourceTree = "<group>";
		};
		C0B4CC901FA0697400648699 /* Controller */ = {
			isa = PBXGroup;
			children = (
				C06E856A1F9F117800AA1431 /* WelcomeVC.swift */,
				C0B4CC911FA06AE400648699 /* LeagueVC.swift */,
				C0B4CC931FA06B0700648699 /* SkillVC.swift */,
			);
			path = Controller;
			sourceTree = "<group>";
		};
/* End PBXGroup section */

/* Begin PBXNativeTarget section */
		C06E85641F9F117800AA1431 /* app-swoosh */ = {
			isa = PBXNativeTarget;
			buildConfigurationList = C06E85771F9F117800AA1431 /* Build configuration list for PBXNativeTarget "app-swoosh" */;
			buildPhases = (
				C06E85611F9F117800AA1431 /* Sources */,
				C06E85621F9F117800AA1431 /* Frameworks */,
				C06E85631F9F117800AA1431 /* Resources */,
			);
			buildRules = (
			);
			dependencies = (
			);
			name = "app-swoosh";
			productName = "app-swoosh";
			productReference = C06E85651F9F117800AA1431 /* app-swoosh.app */;
			productType = "com.apple.product-type.application";
		};
/* End PBXNativeTarget section */

/* Begin PBXProject section */
		C06E855D1F9F117800AA1431 /* Project object */ = {
			isa = PBXProject;
			attributes = {
				LastSwiftUpdateCheck = 0910;
				LastUpgradeCheck = 0910;
				ORGANIZATIONNAME = "Biomesh Studios, Ltd";
				TargetAttributes = {
					C06E85641F9F117800AA1431 = {
						CreatedOnToolsVersion = 9.1;
						ProvisioningStyle = Automatic;
					};
				};
			};
			buildConfigurationList = C06E85601F9F117800AA1431 /* Build configuration list for PBXProject "app-swoosh" */;
			compatibilityVersion = "Xcode 8.0";
			developmentRegion = en;
			hasScannedForEncodings = 0;
			knownRegions = (
				en,
				Base,
			);
			mainGroup = C06E855C1F9F117800AA1431;
			productRefGroup = C06E85661F9F117800AA1431 /* Products */;
			projectDirPath = "";
			projectRoot = "";
			targets = (
				C06E85641F9F117800AA1431 /* app-swoosh */,
			);
		};
/* End PBXProject section */

/* Begin PBXResourcesBuildPhase section */
		C06E85631F9F117800AA1431 /* Resources */ = {
			isa = PBXResourcesBuildPhase;
			buildActionMask = 2147483647;
			files = (
				C06E85731F9F117800AA1431 /* LaunchScreen.storyboard in Resources */,
				C06E85701F9F117800AA1431 /* Assets.xcassets in Resources */,
				C06E856E1F9F117800AA1431 /* Main.storyboard in Resources */,
			);
			runOnlyForDeploymentPostprocessing = 0;
		};
/* End PBXResourcesBuildPhase section */

/* Begin PBXSourcesBuildPhase section */
		C06E85611F9F117800AA1431 /* Sources */ = {
			isa = PBXSourcesBuildPhase;
			buildActionMask = 2147483647;
			files = (
				C06E856B1F9F117800AA1431 /* WelcomeVC.swift in Sources */,
				C0B4CC921FA06AE400648699 /* LeagueVC.swift in Sources */,
				C06E85691F9F117800AA1431 /* AppDelegate.swift in Sources */,
				C0B4CC941FA06B0700648699 /* SkillVC.swift in Sources */,
				C078106D1FA0DFE1007488F7 /* Player.swift in Sources */,
				C06E857C1F9F165100AA1431 /* BorderButton.swift in Sources */,
			);
			runOnlyForDeploymentPostprocessing = 0;
		};
/* End PBXSourcesBuildPhase section */

/* Begin PBXVariantGroup section */
		C06E856C1F9F117800AA1431 /* Main.storyboard */ = {
			isa = PBXVariantGroup;
			children = (
				C06E856D1F9F117800AA1431 /* Base */,
			);
			name = Main.storyboard;
			sourceTree = "<group>";
		};
		C06E85711F9F117800AA1431 /* LaunchScreen.storyboard */ = {
			isa = PBXVariantGroup;
			children = (
				C06E85721F9F117800AA1431 /* Base */,
			);
			name = LaunchScreen.storyboard;
			sourceTree = "<group>";
		};
/* End PBXVariantGroup section */

/* Begin XCBuildConfiguration section */
		C06E85751F9F117800AA1431 /* Debug */ = {
			isa = XCBuildConfiguration;
			buildSettings = {
				ALWAYS_SEARCH_USER_PATHS = NO;
				CLANG_ANALYZER_NONNULL = YES;
				CLANG_ANALYZER_NUMBER_OBJECT_CONVERSION = YES_AGGRESSIVE;
				CLANG_CXX_LANGUAGE_STANDARD = "gnu++14";
				CLANG_CXX_LIBRARY = "libc++";
				CLANG_ENABLE_MODULES = YES;
				CLANG_ENABLE_OBJC_ARC = YES;
				CLANG_WARN_BLOCK_CAPTURE_AUTORELEASING = YES;
				CLANG_WARN_BOOL_CONVERSION = YES;
				CLANG_WARN_COMMA = YES;
				CLANG_WARN_CONSTANT_CONVERSION = YES;
				CLANG_WARN_DIRECT_OBJC_ISA_USAGE = YES_ERROR;
				CLANG_WARN_DOCUMENTATION_COMMENTS = YES;
				CLANG_WARN_EMPTY_BODY = YES;
				CLANG_WARN_ENUM_CONVERSION = YES;
				CLANG_WARN_INFINITE_RECURSION = YES;
				CLANG_WARN_INT_CONVERSION = YES;
				CLANG_WARN_NON_LITERAL_NULL_CONVERSION = YES;
				CLANG_WARN_OBJC_LITERAL_CONVERSION = YES;
				CLANG_WARN_OBJC_ROOT_CLASS = YES_ERROR;
				CLANG_WARN_RANGE_LOOP_ANALYSIS = YES;
				CLANG_WARN_STRICT_PROTOTYPES = YES;
				CLANG_WARN_SUSPICIOUS_MOVE = YES;
				CLANG_WARN_UNGUARDED_AVAILABILITY = YES_AGGRESSIVE;
				CLANG_WARN_UNREACHABLE_CODE = YES;
				CLANG_WARN__DUPLICATE_METHOD_MATCH = YES;
				CODE_SIGN_IDENTITY = "iPhone Developer";
				COPY_PHASE_STRIP = NO;
				DEBUG_INFORMATION_FORMAT = dwarf;
				ENABLE_STRICT_OBJC_MSGSEND = YES;
				ENABLE_TESTABILITY = YES;
				GCC_C_LANGUAGE_STANDARD = gnu11;
				GCC_DYNAMIC_NO_PIC = NO;
				GCC_NO_COMMON_BLOCKS = YES;
				GCC_OPTIMIZATION_LEVEL = 0;
				GCC_PREPROCESSOR_DEFINITIONS = (
					"DEBUG=1",
					"$(inherited)",
				);
				GCC_WARN_64_TO_32_BIT_CONVERSION = YES;
				GCC_WARN_ABOUT_RETURN_TYPE = YES_ERROR;
				GCC_WARN_UNDECLARED_SELECTOR = YES;
				GCC_WARN_UNINITIALIZED_AUTOS = YES_AGGRESSIVE;
				GCC_WARN_UNUSED_FUNCTION = YES;
				GCC_WARN_UNUSED_VARIABLE = YES;
				IPHONEOS_DEPLOYMENT_TARGET = 11.1;
				MTL_ENABLE_DEBUG_INFO = YES;
				ONLY_ACTIVE_ARCH = YES;
				SDKROOT = iphoneos;
				SWIFT_ACTIVE_COMPILATION_CONDITIONS = DEBUG;
				SWIFT_OPTIMIZATION_LEVEL = "-Onone";
			};
			name = Debug;
		};
		C06E85761F9F117800AA1431 /* Release */ = {
			isa = XCBuildConfiguration;
			buildSettings = {
				ALWAYS_SEARCH_USER_PATHS = NO;
				CLANG_ANALYZER_NONNULL = YES;
				CLANG_ANALYZER_NUMBER_OBJECT_CONVERSION = YES_AGGRESSIVE;
				CLANG_CXX_LANGUAGE_STANDARD = "gnu++14";
				CLANG_CXX_LIBRARY = "libc++";
				CLANG_ENABLE_MODULES = YES;
				CLANG_ENABLE_OBJC_ARC = YES;
				CLANG_WARN_BLOCK_CAPTURE_AUTORELEASING = YES;
				CLANG_WARN_BOOL_CONVERSION = YES;
				CLANG_WARN_COMMA = YES;
				CLANG_WARN_CONSTANT_CONVERSION = YES;
				CLANG_WARN_DIRECT_OBJC_ISA_USAGE = YES_ERROR;
				CLANG_WARN_DOCUMENTATION_COMMENTS = YES;
				CLANG_WARN_EMPTY_BODY = YES;
				CLANG_WARN_ENUM_CONVERSION = YES;
				CLANG_WARN_INFINITE_RECURSION = YES;
				CLANG_WARN_INT_CONVERSION = YES;
				CLANG_WARN_NON_LITERAL_NULL_CONVERSION = YES;
				CLANG_WARN_OBJC_LITERAL_CONVERSION = YES;
				CLANG_WARN_OBJC_ROOT_CLASS = YES_ERROR;
				CLANG_WARN_RANGE_LOOP_ANALYSIS = YES;
				CLANG_WARN_STRICT_PROTOTYPES = YES;
				CLANG_WARN_SUSPICIOUS_MOVE = YES;
				CLANG_WARN_UNGUARDED_AVAILABILITY = YES_AGGRESSIVE;
				CLANG_WARN_UNREACHABLE_CODE = YES;
				CLANG_WARN__DUPLICATE_METHOD_MATCH = YES;
				CODE_SIGN_IDENTITY = "iPhone Developer";
				COPY_PHASE_STRIP = NO;
				DEBUG_INFORMATION_FORMAT = "dwarf-with-dsym";
				ENABLE_NS_ASSERTIONS = NO;
				ENABLE_STRICT_OBJC_MSGSEND = YES;
				GCC_C_LANGUAGE_STANDARD = gnu11;
				GCC_NO_COMMON_BLOCKS = YES;
				GCC_WARN_64_TO_32_BIT_CONVERSION = YES;
				GCC_WARN_ABOUT_RETURN_TYPE = YES_ERROR;
				GCC_WARN_UNDECLARED_SELECTOR = YES;
				GCC_WARN_UNINITIALIZED_AUTOS = YES_AGGRESSIVE;
				GCC_WARN_UNUSED_FUNCTION = YES;
				GCC_WARN_UNUSED_VARIABLE = YES;
				IPHONEOS_DEPLOYMENT_TARGET = 11.1;
				MTL_ENABLE_DEBUG_INFO = NO;
				SDKROOT = iphoneos;
				SWIFT_OPTIMIZATION_LEVEL = "-Owholemodule";
				VALIDATE_PRODUCT = YES;
			};
			name = Release;
		};
		C06E85781F9F117800AA1431 /* Debug */ = {
			isa = XCBuildConfiguration;
			buildSettings = {
				ASSETCATALOG_COMPILER_APPICON_NAME = AppIcon;
				CODE_SIGN_STYLE = Automatic;
				DEVELOPMENT_TEAM = WF537Y8K49;
				INFOPLIST_FILE = "app-swoosh/Info.plist";
				LD_RUNPATH_SEARCH_PATHS = "$(inherited) @executable_path/Frameworks";
				PRODUCT_BUNDLE_IDENTIFIER = "com.biomeshstudios.app-swoosh";
				PRODUCT_NAME = "$(TARGET_NAME)";
				SWIFT_VERSION = 4.0;
				TARGETED_DEVICE_FAMILY = "1,2";
			};
			name = Debug;
		};
		C06E85791F9F117800AA1431 /* Release */ = {
			isa = XCBuildConfiguration;
			buildSettings = {
				ASSETCATALOG_COMPILER_APPICON_NAME = AppIcon;
				CODE_SIGN_STYLE = Automatic;
				DEVELOPMENT_TEAM = WF537Y8K49;
				INFOPLIST_FILE = "app-swoosh/Info.plist";
				LD_RUNPATH_SEARCH_PATHS = "$(inherited) @executable_path/Frameworks";
				PRODUCT_BUNDLE_IDENTIFIER = "com.biomeshstudios.app-swoosh";
				PRODUCT_NAME = "$(TARGET_NAME)";
				SWIFT_VERSION = 4.0;
				TARGETED_DEVICE_FAMILY = "1,2";
			};
			name = Release;
		};
/* End XCBuildConfiguration section */

/* Begin XCConfigurationList section */
		C06E85601F9F117800AA1431 /* Build configuration list for PBXProject "app-swoosh" */ = {
			isa = XCConfigurationList;
			buildConfigurations = (
				C06E85751F9F117800AA1431 /* Debug */,
				C06E85761F9F117800AA1431 /* Release */,
			);
			defaultConfigurationIsVisible = 0;
			defaultConfigurationName = Release;
		};
		C06E85771F9F117800AA1431 /* Build configuration list for PBXNativeTarget "app-swoosh" */ = {
			isa = XCConfigurationList;
			buildConfigurations = (
				C06E85781F9F117800AA1431 /* Debug */,
				C06E85791F9F117800AA1431 /* Release */,
			);
			defaultConfigurationIsVisible = 0;
			defaultConfigurationName = Release;
		};
/* End XCConfigurationList section */
	};
	rootObject = C06E855D1F9F117800AA1431 /* Project object */;
}
